
Microsoft Visual Studio Solution File, Format Version 12.00
# Visual Studio Version 17
VisualStudioVersion = 17.4.33213.308
MinimumVisualStudioVersion = 10.0.40219.1
Project("{FAE04EC0-301F-11D3-BF4B-00C04F79EFBC}") = "DMQuery", "DMQuery\DMQuery.csproj", "{D04775B6-CE13-454A-9855-D5179B457A33}"
EndProject
Global
	GlobalSection(SolutionConfigurationPlatforms) = preSolution
		Debug|Any CPU = Debug|Any CPU
		Release|Any CPU = Release|Any CPU
	EndGlobalSection
	GlobalSection(ProjectConfigurationPlatforms) = postSolution
		{D04775B6-CE13-454A-9855-D5179B457A33}.Debug|Any CPU.ActiveCfg = Debug|Any CPU
		{D04775B6-CE13-454A-9855-D5179B457A33}.Debug|Any CPU.Build.0 = Debug|Any CPU
		{D04775B6-CE13-454A-9855-D5179B457A33}.Release|Any CPU.ActiveCfg = Release|Any CPU
		{D04775B6-CE13-454A-9855-D5179B457A33}.Release|Any CPU.Build.0 = Release|Any CPU
	EndGlobalSection
	GlobalSection(SolutionProperties) = preSolution
		HideSolutionNode = FALSE
	EndGlobalSection
	GlobalSection(ExtensibilityGlobals) = postSolution
		SolutionGuid = {1D2C5860-DA57-41D7-B120-C36F04BA8F8E}
	EndGlobalSection
EndGlobal
